// !$*UTF8*$!
{
	archiveVersion = 1;
	classes = {
	};
	objectVersion = 46;
	objects = {

/* Begin PBXBuildFile section */
		BEE882811B1B745700586D21 /* main.c in Sources */ = {isa = PBXBuildFile; fileRef = BEE882801B1B745700586D21 /* main.c */; };
		BEE882881B1B751E00586D21 /* mean_shift_point.cl in Sources */ = {isa = PBXBuildFile; fileRef = BEE882871B1B751E00586D21 /* mean_shift_point.cl */; };
		BEE8828A1B1B765700586D21 /* OpenCL.framework in Frameworks */ = {isa = PBXBuildFile; fileRef = BEE882891B1B765700586D21 /* OpenCL.framework */; };
/* End PBXBuildFile section */

/* Begin PBXCopyFilesBuildPhase section */
		BEE8827B1B1B745700586D21 /* CopyFiles */ = {
			isa = PBXCopyFilesBuildPhase;
			buildActionMask = 2147483647;
			dstPath = /usr/share/man/man1/;
			dstSubfolderSpec = 0;
			files = (
			);
			runOnlyForDeploymentPostprocessing = 1;
		};
/* End PBXCopyFilesBuildPhase section */

/* Begin PBXFileReference section */
		BEE8827D1B1B745700586D21 /* MeanShiftGPU */ = {isa = PBXFileReference; explicitFileType = "compiled.mach-o.executable"; includeInIndex = 0; path = MeanShiftGPU; sourceTree = BUILT_PRODUCTS_DIR; };
		BEE882801B1B745700586D21 /* main.c */ = {isa = PBXFileReference; lastKnownFileType = sourcecode.c.c; path = main.c; sourceTree = "<group>"; };
		BEE882871B1B751E00586D21 /* mean_shift_point.cl */ = {isa = PBXFileReference; fileEncoding = 4; lastKnownFileType = sourcecode.opencl; path = mean_shift_point.cl; sourceTree = "<group>"; };
		BEE882891B1B765700586D21 /* OpenCL.framework */ = {isa = PBXFileReference; lastKnownFileType = wrapper.framework; name = OpenCL.framework; path = System/Library/Frameworks/OpenCL.framework; sourceTree = SDKROOT; };
/* End PBXFileReference section */

/* Begin PBXFrameworksBuildPhase section */
		BEE8827A1B1B745700586D21 /* Frameworks */ = {
			isa = PBXFrameworksBuildPhase;
			buildActionMask = 2147483647;
			files = (
				BEE8828A1B1B765700586D21 /* OpenCL.framework in Frameworks */,
			);
			runOnlyForDeploymentPostprocessing = 0;
		};
/* End PBXFrameworksBuildPhase section */

/* Begin PBXGroup section */
		BEE882741B1B745700586D21 = {
			isa = PBXGroup;
			children = (
				BEE8827F1B1B745700586D21 /* MeanShiftGPU */,
				BEE8827E1B1B745700586D21 /* Products */,
				BEE882891B1B765700586D21 /* OpenCL.framework */,
			);
			sourceTree = "<group>";
		};
		BEE8827E1B1B745700586D21 /* Products */ = {
			isa = PBXGroup;
			children = (
				BEE8827D1B1B745700586D21 /* MeanShiftGPU */,
			);
			name = Products;
			sourceTree = "<group>";
		};
		BEE8827F1B1B745700586D21 /* MeanShiftGPU */ = {
			isa = PBXGroup;
			children = (
				BEE882801B1B745700586D21 /* main.c */,
				BEE882871B1B751E00586D21 /* mean_shift_point.cl */,
			);
			path = MeanShiftGPU;
			sourceTree = "<group>";
		};
/* End PBXGroup section */

/* Begin PBXNativeTarget section */
		BEE8827C1B1B745700586D21 /* MeanShiftGPU */ = {
			isa = PBXNativeTarget;
			buildConfigurationList = BEE882841B1B745700586D21 /* Build configuration list for PBXNativeTarget "MeanShiftGPU" */;
			buildPhases = (
				BEE882791B1B745700586D21 /* Sources */,
				BEE8827A1B1B745700586D21 /* Frameworks */,
				BEE8827B1B1B745700586D21 /* CopyFiles */,
			);
			buildRules = (
			);
			dependencies = (
			);
			name = MeanShiftGPU;
			productName = MeanShiftGPU;
			productReference = BEE8827D1B1B745700586D21 /* MeanShiftGPU */;
			productType = "com.apple.product-type.tool";
		};
/* End PBXNativeTarget section */

/* Begin PBXProject section */
		BEE882751B1B745700586D21 /* Project object */ = {
			isa = PBXProject;
			attributes = {
				LastUpgradeCheck = 0630;
				ORGANIZATIONNAME = "Atomic Object";
				TargetAttributes = {
					BEE8827C1B1B745700586D21 = {
						CreatedOnToolsVersion = 6.3.2;
					};
				};
			};
			buildConfigurationList = BEE882781B1B745700586D21 /* Build configuration list for PBXProject "MeanShiftGPU" */;
			compatibilityVersion = "Xcode 3.2";
			developmentRegion = English;
			hasScannedForEncodings = 0;
			knownRegions = (
				en,
			);
			mainGroup = BEE882741B1B745700586D21;
			productRefGroup = BEE8827E1B1B745700586D21 /* Products */;
			projectDirPath = "";
			projectRoot = "";
			targets = (
				BEE8827C1B1B745700586D21 /* MeanShiftGPU */,
			);
		};
/* End PBXProject section */

/* Begin PBXSourcesBuildPhase section */
		BEE882791B1B745700586D21 /* Sources */ = {
			isa = PBXSourcesBuildPhase;
			buildActionMask = 2147483647;
			files = (
				BEE882881B1B751E00586D21 /* mean_shift_point.cl in Sources */,
				BEE882811B1B745700586D21 /* main.c in Sources */,
			);
			runOnlyForDeploymentPostprocessing = 0;
		};
/* End PBXSourcesBuildPhase section */

/* Begin XCBuildConfiguration section */
		BEE882821B1B745700586D21 /* Debug */ = {
			isa = XCBuildConfiguration;
			buildSettings = {
				ALWAYS_SEARCH_USER_PATHS = NO;
				CLANG_CXX_LANGUAGE_STANDARD = "gnu++0x";
				CLANG_CXX_LIBRARY = "libc++";
				CLANG_ENABLE_MODULES = YES;
				CLANG_ENABLE_OBJC_ARC = YES;
				CLANG_WARN_BOOL_CONVERSION = YES;
				CLANG_WARN_CONSTANT_CONVERSION = YES;
				CLANG_WARN_DIRECT_OBJC_ISA_USAGE = YES_ERROR;
				CLANG_WARN_EMPTY_BODY = YES;
				CLANG_WARN_ENUM_CONVERSION = YES;
				CLANG_WARN_INT_CONVERSION = YES;
				CLANG_WARN_OBJC_ROOT_CLASS = YES_ERROR;
				CLANG_WARN_UNREACHABLE_CODE = YES;
				CLANG_WARN__DUPLICATE_METHOD_MATCH = YES;
				COPY_PHASE_STRIP = NO;
				DEBUG_INFORMATION_FORMAT = dwarf;
				ENABLE_STRICT_OBJC_MSGSEND = YES;
				GCC_C_LANGUAGE_STANDARD = gnu99;
				GCC_DYNAMIC_NO_PIC = NO;
				GCC_NO_COMMON_BLOCKS = YES;
				GCC_OPTIMIZATION_LEVEL = 0;
				GCC_PREPROCESSOR_DEFINITIONS = (
					"DEBUG=1",
					"$(inherited)",
				);
				GCC_SYMBOLS_PRIVATE_EXTERN = NO;
				GCC_WARN_64_TO_32_BIT_CONVERSION = YES;
				GCC_WARN_ABOUT_RETURN_TYPE = YES_ERROR;
				GCC_WARN_UNDECLARED_SELECTOR = YES;
				GCC_WARN_UNINITIALIZED_AUTOS = YES_AGGRESSIVE;
				GCC_WARN_UNUSED_FUNCTION = YES;
				GCC_WARN_UNUSED_VARIABLE = YES;
				MACOSX_DEPLOYMENT_TARGET = 10.10;
				MTL_ENABLE_DEBUG_INFO = YES;
				ONLY_ACTIVE_ARCH = YES;
				SDKROOT = macosx;
			};
			name = Debug;
		};
		BEE882831B1B745700586D21 /* Release */ = {
			isa = XCBuildConfiguration;
			buildSettings = {
				ALWAYS_SEARCH_USER_PATHS = NO;
				CLANG_CXX_LANGUAGE_STANDARD = "gnu++0x";
				CLANG_CXX_LIBRARY = "libc++";
				CLANG_ENABLE_MODULES = YES;
				CLANG_ENABLE_OBJC_ARC = YES;
				CLANG_WARN_BOOL_CONVERSION = YES;
				CLANG_WARN_CONSTANT_CONVERSION = YES;
				CLANG_WARN_DIRECT_OBJC_ISA_USAGE = YES_ERROR;
				CLANG_WARN_EMPTY_BODY = YES;
				CLANG_WARN_ENUM_CONVERSION = YES;
				CLANG_WARN_INT_CONVERSION = YES;
				CLANG_WARN_OBJC_ROOT_CLASS = YES_ERROR;
				CLANG_WARN_UNREACHABLE_CODE = YES;
				CLANG_WARN__DUPLICATE_METHOD_MATCH = YES;
				COPY_PHASE_STRIP = NO;
				DEBUG_INFORMATION_FORMAT = "dwarf-with-dsym";
				ENABLE_NS_ASSERTIONS = NO;
				ENABLE_STRICT_OBJC_MSGSEND = YES;
				GCC_C_LANGUAGE_STANDARD = gnu99;
				GCC_NO_COMMON_BLOCKS = YES;
				GCC_WARN_64_TO_32_BIT_CONVERSION = YES;
				GCC_WARN_ABOUT_RETURN_TYPE = YES_ERROR;
				GCC_WARN_UNDECLARED_SELECTOR = YES;
				GCC_WARN_UNINITIALIZED_AUTOS = YES_AGGRESSIVE;
				GCC_WARN_UNUSED_FUNCTION = YES;
				GCC_WARN_UNUSED_VARIABLE = YES;
				MACOSX_DEPLOYMENT_TARGET = 10.10;
				MTL_ENABLE_DEBUG_INFO = NO;
				SDKROOT = macosx;
			};
			name = Release;
		};
		BEE882851B1B745700586D21 /* Debug */ = {
			isa = XCBuildConfiguration;
			buildSettings = {
				PRODUCT_NAME = "$(TARGET_NAME)";
			};
			name = Debug;
		};
		BEE882861B1B745700586D21 /* Release */ = {
			isa = XCBuildConfiguration;
			buildSettings = {
				PRODUCT_NAME = "$(TARGET_NAME)";
			};
			name = Release;
		};
/* End XCBuildConfiguration section */

/* Begin XCConfigurationList section */
		BEE882781B1B745700586D21 /* Build configuration list for PBXProject "MeanShiftGPU" */ = {
			isa = XCConfigurationList;
			buildConfigurations = (
				BEE882821B1B745700586D21 /* Debug */,
				BEE882831B1B745700586D21 /* Release */,
			);
			defaultConfigurationIsVisible = 0;
			defaultConfigurationName = Release;
		};
		BEE882841B1B745700586D21 /* Build configuration list for PBXNativeTarget "MeanShiftGPU" */ = {
			isa = XCConfigurationList;
			buildConfigurations = (
				BEE882851B1B745700586D21 /* Debug */,
				BEE882861B1B745700586D21 /* Release */,
			);
			defaultConfigurationIsVisible = 0;
		};
/* End XCConfigurationList section */
	};
	rootObject = BEE882751B1B745700586D21 /* Project object */;
}
